// !$*UTF8*$!
{
	archiveVersion = 1;
	classes = {
	};
	objectVersion = 56;
	objects = {

/* Begin PBXBuildFile section */
		FF4175B02BA56C4C00717113 /* LaunchScreen.storyboard in Resources */ = {isa = PBXBuildFile; fileRef = FF4175AE2BA56C4C00717113 /* LaunchScreen.storyboard */; };
		FF4175C32BA57F5E00717113 /* OnBoarding.storyboard in Resources */ = {isa = PBXBuildFile; fileRef = FF4175C22BA57F5E00717113 /* OnBoarding.storyboard */; };
		FF4175C52BA57F9600717113 /* OnboardingViewController.swift in Sources */ = {isa = PBXBuildFile; fileRef = FF4175C42BA57F9600717113 /* OnboardingViewController.swift */; };
		FF4175F42BA584BE00717113 /* Assets.xcassets in Resources */ = {isa = PBXBuildFile; fileRef = FF4175F12BA584BE00717113 /* Assets.xcassets */; };
		FF4175F52BA584BE00717113 /* SceneDelegate.swift in Sources */ = {isa = PBXBuildFile; fileRef = FF4175F22BA584BE00717113 /* SceneDelegate.swift */; };
		FF4175F62BA584BE00717113 /* AppDelegate.swift in Sources */ = {isa = PBXBuildFile; fileRef = FF4175F32BA584BE00717113 /* AppDelegate.swift */; };
		FF796A212BA8476800F05318 /* Fonts in Resources */ = {isa = PBXBuildFile; fileRef = FF796A202BA8476800F05318 /* Fonts */; };
		FF796A342BA849A300F05318 /* Poppins-Medium.ttf in Resources */ = {isa = PBXBuildFile; fileRef = FF796A222BA849A300F05318 /* Poppins-Medium.ttf */; };
		FF796A352BA849A300F05318 /* Poppins-SemiBold.ttf in Resources */ = {isa = PBXBuildFile; fileRef = FF796A232BA849A300F05318 /* Poppins-SemiBold.ttf */; };
		FF796A362BA849A300F05318 /* Poppins-BlackItalic.ttf in Resources */ = {isa = PBXBuildFile; fileRef = FF796A242BA849A300F05318 /* Poppins-BlackItalic.ttf */; };
		FF796A372BA849A300F05318 /* Poppins-ExtraLightItalic.ttf in Resources */ = {isa = PBXBuildFile; fileRef = FF796A252BA849A300F05318 /* Poppins-ExtraLightItalic.ttf */; };
		FF796A382BA849A300F05318 /* Poppins-ThinItalic.ttf in Resources */ = {isa = PBXBuildFile; fileRef = FF796A262BA849A300F05318 /* Poppins-ThinItalic.ttf */; };
		FF796A392BA849A300F05318 /* Poppins-BoldItalic.ttf in Resources */ = {isa = PBXBuildFile; fileRef = FF796A272BA849A300F05318 /* Poppins-BoldItalic.ttf */; };
		FF796A3A2BA849A300F05318 /* Poppins-Italic.ttf in Resources */ = {isa = PBXBuildFile; fileRef = FF796A282BA849A300F05318 /* Poppins-Italic.ttf */; };
		FF796A3B2BA849A300F05318 /* Poppins-LightItalic.ttf in Resources */ = {isa = PBXBuildFile; fileRef = FF796A292BA849A300F05318 /* Poppins-LightItalic.ttf */; };
		FF796A3C2BA849A300F05318 /* Poppins-ExtraBold.ttf in Resources */ = {isa = PBXBuildFile; fileRef = FF796A2A2BA849A300F05318 /* Poppins-ExtraBold.ttf */; };
		FF796A3D2BA849A300F05318 /* Poppins-Black.ttf in Resources */ = {isa = PBXBuildFile; fileRef = FF796A2B2BA849A300F05318 /* Poppins-Black.ttf */; };
		FF796A3E2BA849A300F05318 /* Poppins-MediumItalic.ttf in Resources */ = {isa = PBXBuildFile; fileRef = FF796A2C2BA849A300F05318 /* Poppins-MediumItalic.ttf */; };
		FF796A3F2BA849A300F05318 /* Poppins-SemiBoldItalic.ttf in Resources */ = {isa = PBXBuildFile; fileRef = FF796A2D2BA849A300F05318 /* Poppins-SemiBoldItalic.ttf */; };
		FF796A402BA849A300F05318 /* Poppins-ExtraBoldItalic.ttf in Resources */ = {isa = PBXBuildFile; fileRef = FF796A2E2BA849A300F05318 /* Poppins-ExtraBoldItalic.ttf */; };
		FF796A412BA849A300F05318 /* Poppins-Thin.ttf in Resources */ = {isa = PBXBuildFile; fileRef = FF796A2F2BA849A300F05318 /* Poppins-Thin.ttf */; };
		FF796A422BA849A300F05318 /* Poppins-ExtraLight.ttf in Resources */ = {isa = PBXBuildFile; fileRef = FF796A302BA849A300F05318 /* Poppins-ExtraLight.ttf */; };
		FF796A442BA849A300F05318 /* Poppins-Light.ttf in Resources */ = {isa = PBXBuildFile; fileRef = FF796A322BA849A300F05318 /* Poppins-Light.ttf */; };
		FF796A452BA849A300F05318 /* Poppins-Bold.ttf in Resources */ = {isa = PBXBuildFile; fileRef = FF796A332BA849A300F05318 /* Poppins-Bold.ttf */; };
		FF796A472BA84A3F00F05318 /* Poppins-Regular.ttf 15-36-33-975.ttf in Resources */ = {isa = PBXBuildFile; fileRef = FF796A462BA84A3F00F05318 /* Poppins-Regular.ttf 15-36-33-975.ttf */; };
		FF796A4A2BA8546A00F05318 /* FXPrimaryButton.swift in Sources */ = {isa = PBXBuildFile; fileRef = FF796A492BA8546A00F05318 /* FXPrimaryButton.swift */; };
		FF796A4C2BA85D0E00F05318 /* OnBoardingStepsViewController.swift in Sources */ = {isa = PBXBuildFile; fileRef = FF796A4B2BA85D0E00F05318 /* OnBoardingStepsViewController.swift */; };
/* End PBXBuildFile section */

/* Begin PBXFileReference section */
		FF4175A02BA56C4B00717113 /* FitnestX.app */ = {isa = PBXFileReference; explicitFileType = wrapper.application; includeInIndex = 0; path = FitnestX.app; sourceTree = BUILT_PRODUCTS_DIR; };
		FF4175AF2BA56C4C00717113 /* Base */ = {isa = PBXFileReference; lastKnownFileType = file.storyboard; name = Base; path = Base.lproj/LaunchScreen.storyboard; sourceTree = "<group>"; };
		FF4175B12BA56C4C00717113 /* Info.plist */ = {isa = PBXFileReference; lastKnownFileType = text.plist.xml; path = Info.plist; sourceTree = "<group>"; };
		FF4175C22BA57F5E00717113 /* OnBoarding.storyboard */ = {isa = PBXFileReference; fileEncoding = 4; lastKnownFileType = file.storyboard; name = OnBoarding.storyboard; path = ../../../../../.Trash/OnBoarding.storyboard; sourceTree = "<group>"; };
		FF4175C42BA57F9600717113 /* OnboardingViewController.swift */ = {isa = PBXFileReference; fileEncoding = 4; lastKnownFileType = sourcecode.swift; name = OnboardingViewController.swift; path = ../../../../../.Trash/OnboardingViewController.swift; sourceTree = "<group>"; };
		FF4175F12BA584BE00717113 /* Assets.xcassets */ = {isa = PBXFileReference; lastKnownFileType = folder.assetcatalog; name = Assets.xcassets; path = ../../../../../.Trash/Resources/Assets.xcassets; sourceTree = "<group>"; };
		FF4175F22BA584BE00717113 /* SceneDelegate.swift */ = {isa = PBXFileReference; fileEncoding = 4; lastKnownFileType = sourcecode.swift; name = SceneDelegate.swift; path = ../../../../../.Trash/Resources/SceneDelegate.swift; sourceTree = "<group>"; };
		FF4175F32BA584BE00717113 /* AppDelegate.swift */ = {isa = PBXFileReference; fileEncoding = 4; lastKnownFileType = sourcecode.swift; name = AppDelegate.swift; path = ../../../../../.Trash/Resources/AppDelegate.swift; sourceTree = "<group>"; };
		FF796A202BA8476800F05318 /* Fonts */ = {isa = PBXFileReference; lastKnownFileType = folder; name = Fonts; sourceTree = "<group>"; };
		FF796A222BA849A300F05318 /* Poppins-Medium.ttf */ = {isa = PBXFileReference; lastKnownFileType = file; name = "Poppins-Medium.ttf"; path = "../../../../../../Downloads/Poppins 2/Poppins-Medium.ttf"; sourceTree = "<group>"; };
		FF796A232BA849A300F05318 /* Poppins-SemiBold.ttf */ = {isa = PBXFileReference; lastKnownFileType = file; name = "Poppins-SemiBold.ttf"; path = "../../../../../../Downloads/Poppins 2/Poppins-SemiBold.ttf"; sourceTree = "<group>"; };
		FF796A242BA849A300F05318 /* Poppins-BlackItalic.ttf */ = {isa = PBXFileReference; lastKnownFileType = file; name = "Poppins-BlackItalic.ttf"; path = "../../../../../../Downloads/Poppins 2/Poppins-BlackItalic.ttf"; sourceTree = "<group>"; };
		FF796A252BA849A300F05318 /* Poppins-ExtraLightItalic.ttf */ = {isa = PBXFileReference; lastKnownFileType = file; name = "Poppins-ExtraLightItalic.ttf"; path = "../../../../../../Downloads/Poppins 2/Poppins-ExtraLightItalic.ttf"; sourceTree = "<group>"; };
		FF796A262BA849A300F05318 /* Poppins-ThinItalic.ttf */ = {isa = PBXFileReference; lastKnownFileType = file; name = "Poppins-ThinItalic.ttf"; path = "../../../../../../Downloads/Poppins 2/Poppins-ThinItalic.ttf"; sourceTree = "<group>"; };
		FF796A272BA849A300F05318 /* Poppins-BoldItalic.ttf */ = {isa = PBXFileReference; lastKnownFileType = file; name = "Poppins-BoldItalic.ttf"; path = "../../../../../../Downloads/Poppins 2/Poppins-BoldItalic.ttf"; sourceTree = "<group>"; };
		FF796A282BA849A300F05318 /* Poppins-Italic.ttf */ = {isa = PBXFileReference; lastKnownFileType = file; name = "Poppins-Italic.ttf"; path = "../../../../../../Downloads/Poppins 2/Poppins-Italic.ttf"; sourceTree = "<group>"; };
		FF796A292BA849A300F05318 /* Poppins-LightItalic.ttf */ = {isa = PBXFileReference; lastKnownFileType = file; name = "Poppins-LightItalic.ttf"; path = "../../../../../../Downloads/Poppins 2/Poppins-LightItalic.ttf"; sourceTree = "<group>"; };
		FF796A2A2BA849A300F05318 /* Poppins-ExtraBold.ttf */ = {isa = PBXFileReference; lastKnownFileType = file; name = "Poppins-ExtraBold.ttf"; path = "../../../../../../Downloads/Poppins 2/Poppins-ExtraBold.ttf"; sourceTree = "<group>"; };
		FF796A2B2BA849A300F05318 /* Poppins-Black.ttf */ = {isa = PBXFileReference; lastKnownFileType = file; name = "Poppins-Black.ttf"; path = "../../../../../../Downloads/Poppins 2/Poppins-Black.ttf"; sourceTree = "<group>"; };
		FF796A2C2BA849A300F05318 /* Poppins-MediumItalic.ttf */ = {isa = PBXFileReference; lastKnownFileType = file; name = "Poppins-MediumItalic.ttf"; path = "../../../../../../Downloads/Poppins 2/Poppins-MediumItalic.ttf"; sourceTree = "<group>"; };
		FF796A2D2BA849A300F05318 /* Poppins-SemiBoldItalic.ttf */ = {isa = PBXFileReference; lastKnownFileType = file; name = "Poppins-SemiBoldItalic.ttf"; path = "../../../../../../Downloads/Poppins 2/Poppins-SemiBoldItalic.ttf"; sourceTree = "<group>"; };
		FF796A2E2BA849A300F05318 /* Poppins-ExtraBoldItalic.ttf */ = {isa = PBXFileReference; lastKnownFileType = file; name = "Poppins-ExtraBoldItalic.ttf"; path = "../../../../../../Downloads/Poppins 2/Poppins-ExtraBoldItalic.ttf"; sourceTree = "<group>"; };
		FF796A2F2BA849A300F05318 /* Poppins-Thin.ttf */ = {isa = PBXFileReference; lastKnownFileType = file; name = "Poppins-Thin.ttf"; path = "../../../../../../Downloads/Poppins 2/Poppins-Thin.ttf"; sourceTree = "<group>"; };
		FF796A302BA849A300F05318 /* Poppins-ExtraLight.ttf */ = {isa = PBXFileReference; lastKnownFileType = file; name = "Poppins-ExtraLight.ttf"; path = "../../../../../../Downloads/Poppins 2/Poppins-ExtraLight.ttf"; sourceTree = "<group>"; };
		FF796A322BA849A300F05318 /* Poppins-Light.ttf */ = {isa = PBXFileReference; lastKnownFileType = file; name = "Poppins-Light.ttf"; path = "../../../../../../Downloads/Poppins 2/Poppins-Light.ttf"; sourceTree = "<group>"; };
		FF796A332BA849A300F05318 /* Poppins-Bold.ttf */ = {isa = PBXFileReference; lastKnownFileType = file; name = "Poppins-Bold.ttf"; path = "../../../../../../Downloads/Poppins 2/Poppins-Bold.ttf"; sourceTree = "<group>"; };
		FF796A462BA84A3F00F05318 /* Poppins-Regular.ttf 15-36-33-975.ttf */ = {isa = PBXFileReference; lastKnownFileType = file; name = "Poppins-Regular.ttf 15-36-33-975.ttf"; path = "../../../../../../.Trash/Poppins-Regular.ttf 15-36-33-975.ttf"; sourceTree = "<group>"; };
		FF796A492BA8546A00F05318 /* FXPrimaryButton.swift */ = {isa = PBXFileReference; lastKnownFileType = sourcecode.swift; path = FXPrimaryButton.swift; sourceTree = "<group>"; };
		FF796A4B2BA85D0E00F05318 /* OnBoardingStepsViewController.swift */ = {isa = PBXFileReference; lastKnownFileType = sourcecode.swift; path = OnBoardingStepsViewController.swift; sourceTree = "<group>"; };
/* End PBXFileReference section */

/* Begin PBXFrameworksBuildPhase section */
		FF41759D2BA56C4B00717113 /* Frameworks */ = {
			isa = PBXFrameworksBuildPhase;
			buildActionMask = 2147483647;
			files = (
			);
			runOnlyForDeploymentPostprocessing = 0;
		};
/* End PBXFrameworksBuildPhase section */

/* Begin PBXGroup section */
		FF4175972BA56C4B00717113 = {
			isa = PBXGroup;
			children = (
				FF4175A22BA56C4B00717113 /* FitnestX */,
				FF4175A12BA56C4B00717113 /* Products */,
			);
			sourceTree = "<group>";
		};
		FF4175A12BA56C4B00717113 /* Products */ = {
			isa = PBXGroup;
			children = (
				FF4175A02BA56C4B00717113 /* FitnestX.app */,
			);
			name = Products;
			sourceTree = "<group>";
		};
		FF4175A22BA56C4B00717113 /* FitnestX */ = {
			isa = PBXGroup;
			children = (
				FF796A482BA853D600F05318 /* Components */,
				FF4175BB2BA573F600717113 /* Resources */,
				FF4175BA2BA573E500717113 /* Controllers */,
				FF4175B92BA573DE00717113 /* Models */,
				FF4175B82BA573C300717113 /* Views */,
				FF4175B12BA56C4C00717113 /* Info.plist */,
			);
			path = FitnestX;
			sourceTree = "<group>";
		};
		FF4175B82BA573C300717113 /* Views */ = {
			isa = PBXGroup;
			children = (
				FF4175C22BA57F5E00717113 /* OnBoarding.storyboard */,
				FF4175AE2BA56C4C00717113 /* LaunchScreen.storyboard */,
			);
			path = Views;
			sourceTree = "<group>";
		};
		FF4175B92BA573DE00717113 /* Models */ = {
			isa = PBXGroup;
			children = (
			);
			path = Models;
			sourceTree = "<group>";
		};
		FF4175BA2BA573E500717113 /* Controllers */ = {
			isa = PBXGroup;
			children = (
				FF4175C42BA57F9600717113 /* OnboardingViewController.swift */,
				FF796A4B2BA85D0E00F05318 /* OnBoardingStepsViewController.swift */,
			);
			path = Controllers;
			sourceTree = "<group>";
		};
		FF4175BB2BA573F600717113 /* Resources */ = {
			isa = PBXGroup;
			children = (
				FF4175F72BA5851A00717113 /* Fonts */,
				FF4175F32BA584BE00717113 /* AppDelegate.swift */,
				FF4175F22BA584BE00717113 /* SceneDelegate.swift */,
				FF4175F12BA584BE00717113 /* Assets.xcassets */,
			);
			path = Resources;
			sourceTree = "<group>";
		};
		FF4175F72BA5851A00717113 /* Fonts */ = {
			isa = PBXGroup;
			children = (
				FF796A462BA84A3F00F05318 /* Poppins-Regular.ttf 15-36-33-975.ttf */,
				FF796A2B2BA849A300F05318 /* Poppins-Black.ttf */,
				FF796A242BA849A300F05318 /* Poppins-BlackItalic.ttf */,
				FF796A332BA849A300F05318 /* Poppins-Bold.ttf */,
				FF796A272BA849A300F05318 /* Poppins-BoldItalic.ttf */,
				FF796A2A2BA849A300F05318 /* Poppins-ExtraBold.ttf */,
				FF796A2E2BA849A300F05318 /* Poppins-ExtraBoldItalic.ttf */,
				FF796A302BA849A300F05318 /* Poppins-ExtraLight.ttf */,
				FF796A252BA849A300F05318 /* Poppins-ExtraLightItalic.ttf */,
				FF796A282BA849A300F05318 /* Poppins-Italic.ttf */,
				FF796A322BA849A300F05318 /* Poppins-Light.ttf */,
				FF796A292BA849A300F05318 /* Poppins-LightItalic.ttf */,
				FF796A222BA849A300F05318 /* Poppins-Medium.ttf */,
				FF796A2C2BA849A300F05318 /* Poppins-MediumItalic.ttf */,
				FF796A232BA849A300F05318 /* Poppins-SemiBold.ttf */,
				FF796A2D2BA849A300F05318 /* Poppins-SemiBoldItalic.ttf */,
				FF796A2F2BA849A300F05318 /* Poppins-Thin.ttf */,
				FF796A262BA849A300F05318 /* Poppins-ThinItalic.ttf */,
				FF796A202BA8476800F05318 /* Fonts */,
			);
			path = Fonts;
			sourceTree = "<group>";
		};
		FF796A482BA853D600F05318 /* Components */ = {
			isa = PBXGroup;
			children = (
				FF796A492BA8546A00F05318 /* FXPrimaryButton.swift */,
			);
			path = Components;
			sourceTree = "<group>";
		};
/* End PBXGroup section */

/* Begin PBXNativeTarget section */
		FF41759F2BA56C4B00717113 /* FitnestX */ = {
			isa = PBXNativeTarget;
			buildConfigurationList = FF4175B42BA56C4C00717113 /* Build configuration list for PBXNativeTarget "FitnestX" */;
			buildPhases = (
				FF41759C2BA56C4B00717113 /* Sources */,
				FF41759D2BA56C4B00717113 /* Frameworks */,
				FF41759E2BA56C4B00717113 /* Resources */,
			);
			buildRules = (
			);
			dependencies = (
			);
			name = FitnestX;
			productName = FitnestX;
			productReference = FF4175A02BA56C4B00717113 /* FitnestX.app */;
			productType = "com.apple.product-type.application";
		};
/* End PBXNativeTarget section */

/* Begin PBXProject section */
		FF4175982BA56C4B00717113 /* Project object */ = {
			isa = PBXProject;
			attributes = {
				BuildIndependentTargetsInParallel = 1;
				LastSwiftUpdateCheck = 1520;
				LastUpgradeCheck = 1520;
				TargetAttributes = {
					FF41759F2BA56C4B00717113 = {
						CreatedOnToolsVersion = 15.2;
					};
				};
			};
			buildConfigurationList = FF41759B2BA56C4B00717113 /* Build configuration list for PBXProject "FitnestX" */;
			compatibilityVersion = "Xcode 14.0";
			developmentRegion = en;
			hasScannedForEncodings = 0;
			knownRegions = (
				en,
				Base,
			);
			mainGroup = FF4175972BA56C4B00717113;
			productRefGroup = FF4175A12BA56C4B00717113 /* Products */;
			projectDirPath = "";
			projectRoot = "";
			targets = (
				FF41759F2BA56C4B00717113 /* FitnestX */,
			);
		};
/* End PBXProject section */

/* Begin PBXResourcesBuildPhase section */
		FF41759E2BA56C4B00717113 /* Resources */ = {
			isa = PBXResourcesBuildPhase;
			buildActionMask = 2147483647;
			files = (
				FF796A422BA849A300F05318 /* Poppins-ExtraLight.ttf in Resources */,
				FF796A472BA84A3F00F05318 /* Poppins-Regular.ttf 15-36-33-975.ttf in Resources */,
				FF796A412BA849A300F05318 /* Poppins-Thin.ttf in Resources */,
				FF796A212BA8476800F05318 /* Fonts in Resources */,
				FF796A3E2BA849A300F05318 /* Poppins-MediumItalic.ttf in Resources */,
				FF796A3B2BA849A300F05318 /* Poppins-LightItalic.ttf in Resources */,
				FF796A352BA849A300F05318 /* Poppins-SemiBold.ttf in Resources */,
				FF796A3F2BA849A300F05318 /* Poppins-SemiBoldItalic.ttf in Resources */,
				FF4175B02BA56C4C00717113 /* LaunchScreen.storyboard in Resources */,
				FF796A372BA849A300F05318 /* Poppins-ExtraLightItalic.ttf in Resources */,
				FF796A442BA849A300F05318 /* Poppins-Light.ttf in Resources */,
				FF4175F42BA584BE00717113 /* Assets.xcassets in Resources */,
				FF796A362BA849A300F05318 /* Poppins-BlackItalic.ttf in Resources */,
				FF796A3A2BA849A300F05318 /* Poppins-Italic.ttf in Resources */,
				FF796A452BA849A300F05318 /* Poppins-Bold.ttf in Resources */,
				FF796A342BA849A300F05318 /* Poppins-Medium.ttf in Resources */,
				FF796A3D2BA849A300F05318 /* Poppins-Black.ttf in Resources */,
				FF796A402BA849A300F05318 /* Poppins-ExtraBoldItalic.ttf in Resources */,
				FF796A382BA849A300F05318 /* Poppins-ThinItalic.ttf in Resources */,
				FF796A3C2BA849A300F05318 /* Poppins-ExtraBold.ttf in Resources */,
				FF796A392BA849A300F05318 /* Poppins-BoldItalic.ttf in Resources */,
				FF4175C32BA57F5E00717113 /* OnBoarding.storyboard in Resources */,
			);
			runOnlyForDeploymentPostprocessing = 0;
		};
/* End PBXResourcesBuildPhase section */

/* Begin PBXSourcesBuildPhase section */
		FF41759C2BA56C4B00717113 /* Sources */ = {
			isa = PBXSourcesBuildPhase;
			buildActionMask = 2147483647;
			files = (
				FF796A4C2BA85D0E00F05318 /* OnBoardingStepsViewController.swift in Sources */,
				FF4175C52BA57F9600717113 /* OnboardingViewController.swift in Sources */,
				FF4175F62BA584BE00717113 /* AppDelegate.swift in Sources */,
				FF796A4A2BA8546A00F05318 /* FXPrimaryButton.swift in Sources */,
				FF4175F52BA584BE00717113 /* SceneDelegate.swift in Sources */,
			);
			runOnlyForDeploymentPostprocessing = 0;
		};
/* End PBXSourcesBuildPhase section */

/* Begin PBXVariantGroup section */
		FF4175AE2BA56C4C00717113 /* LaunchScreen.storyboard */ = {
			isa = PBXVariantGroup;
			children = (
				FF4175AF2BA56C4C00717113 /* Base */,
			);
			name = LaunchScreen.storyboard;
			sourceTree = "<group>";
		};
/* End PBXVariantGroup section */

/* Begin XCBuildConfiguration section */
		FF4175B22BA56C4C00717113 /* Debug */ = {
			isa = XCBuildConfiguration;
			buildSettings = {
				ALWAYS_SEARCH_USER_PATHS = NO;
				ASSETCATALOG_COMPILER_GENERATE_SWIFT_ASSET_SYMBOL_EXTENSIONS = YES;
				CLANG_ANALYZER_NONNULL = YES;
				CLANG_ANALYZER_NUMBER_OBJECT_CONVERSION = YES_AGGRESSIVE;
				CLANG_CXX_LANGUAGE_STANDARD = "gnu++20";
				CLANG_ENABLE_MODULES = YES;
				CLANG_ENABLE_OBJC_ARC = YES;
				CLANG_ENABLE_OBJC_WEAK = YES;
				CLANG_WARN_BLOCK_CAPTURE_AUTORELEASING = YES;
				CLANG_WARN_BOOL_CONVERSION = YES;
				CLANG_WARN_COMMA = YES;
				CLANG_WARN_CONSTANT_CONVERSION = YES;
				CLANG_WARN_DEPRECATED_OBJC_IMPLEMENTATIONS = YES;
				CLANG_WARN_DIRECT_OBJC_ISA_USAGE = YES_ERROR;
				CLANG_WARN_DOCUMENTATION_COMMENTS = YES;
				CLANG_WARN_EMPTY_BODY = YES;
				CLANG_WARN_ENUM_CONVERSION = YES;
				CLANG_WARN_INFINITE_RECURSION = YES;
				CLANG_WARN_INT_CONVERSION = YES;
				CLANG_WARN_NON_LITERAL_NULL_CONVERSION = YES;
				CLANG_WARN_OBJC_IMPLICIT_RETAIN_SELF = YES;
				CLANG_WARN_OBJC_LITERAL_CONVERSION = YES;
				CLANG_WARN_OBJC_ROOT_CLASS = YES_ERROR;
				CLANG_WARN_QUOTED_INCLUDE_IN_FRAMEWORK_HEADER = YES;
				CLANG_WARN_RANGE_LOOP_ANALYSIS = YES;
				CLANG_WARN_STRICT_PROTOTYPES = YES;
				CLANG_WARN_SUSPICIOUS_MOVE = YES;
				CLANG_WARN_UNGUARDED_AVAILABILITY = YES_AGGRESSIVE;
				CLANG_WARN_UNREACHABLE_CODE = YES;
				CLANG_WARN__DUPLICATE_METHOD_MATCH = YES;
				COPY_PHASE_STRIP = NO;
				DEBUG_INFORMATION_FORMAT = dwarf;
				ENABLE_STRICT_OBJC_MSGSEND = YES;
				ENABLE_TESTABILITY = YES;
				ENABLE_USER_SCRIPT_SANDBOXING = YES;
				GCC_C_LANGUAGE_STANDARD = gnu17;
				GCC_DYNAMIC_NO_PIC = NO;
				GCC_NO_COMMON_BLOCKS = YES;
				GCC_OPTIMIZATION_LEVEL = 0;
				GCC_PREPROCESSOR_DEFINITIONS = (
					"DEBUG=1",
					"$(inherited)",
				);
				GCC_WARN_64_TO_32_BIT_CONVERSION = YES;
				GCC_WARN_ABOUT_RETURN_TYPE = YES_ERROR;
				GCC_WARN_UNDECLARED_SELECTOR = YES;
				GCC_WARN_UNINITIALIZED_AUTOS = YES_AGGRESSIVE;
				GCC_WARN_UNUSED_FUNCTION = YES;
				GCC_WARN_UNUSED_VARIABLE = YES;
				IPHONEOS_DEPLOYMENT_TARGET = 17.2;
				LOCALIZATION_PREFERS_STRING_CATALOGS = YES;
				MTL_ENABLE_DEBUG_INFO = INCLUDE_SOURCE;
				MTL_FAST_MATH = YES;
				ONLY_ACTIVE_ARCH = YES;
				SDKROOT = iphoneos;
				SWIFT_ACTIVE_COMPILATION_CONDITIONS = "DEBUG $(inherited)";
				SWIFT_OPTIMIZATION_LEVEL = "-Onone";
			};
			name = Debug;
		};
		FF4175B32BA56C4C00717113 /* Release */ = {
			isa = XCBuildConfiguration;
			buildSettings = {
				ALWAYS_SEARCH_USER_PATHS = NO;
				ASSETCATALOG_COMPILER_GENERATE_SWIFT_ASSET_SYMBOL_EXTENSIONS = YES;
				CLANG_ANALYZER_NONNULL = YES;
				CLANG_ANALYZER_NUMBER_OBJECT_CONVERSION = YES_AGGRESSIVE;
				CLANG_CXX_LANGUAGE_STANDARD = "gnu++20";
				CLANG_ENABLE_MODULES = YES;
				CLANG_ENABLE_OBJC_ARC = YES;
				CLANG_ENABLE_OBJC_WEAK = YES;
				CLANG_WARN_BLOCK_CAPTURE_AUTORELEASING = YES;
				CLANG_WARN_BOOL_CONVERSION = YES;
				CLANG_WARN_COMMA = YES;
				CLANG_WARN_CONSTANT_CONVERSION = YES;
				CLANG_WARN_DEPRECATED_OBJC_IMPLEMENTATIONS = YES;
				CLANG_WARN_DIRECT_OBJC_ISA_USAGE = YES_ERROR;
				CLANG_WARN_DOCUMENTATION_COMMENTS = YES;
				CLANG_WARN_EMPTY_BODY = YES;
				CLANG_WARN_ENUM_CONVERSION = YES;
				CLANG_WARN_INFINITE_RECURSION = YES;
				CLANG_WARN_INT_CONVERSION = YES;
				CLANG_WARN_NON_LITERAL_NULL_CONVERSION = YES;
				CLANG_WARN_OBJC_IMPLICIT_RETAIN_SELF = YES;
				CLANG_WARN_OBJC_LITERAL_CONVERSION = YES;
				CLANG_WARN_OBJC_ROOT_CLASS = YES_ERROR;
				CLANG_WARN_QUOTED_INCLUDE_IN_FRAMEWORK_HEADER = YES;
				CLANG_WARN_RANGE_LOOP_ANALYSIS = YES;
				CLANG_WARN_STRICT_PROTOTYPES = YES;
				CLANG_WARN_SUSPICIOUS_MOVE = YES;
				CLANG_WARN_UNGUARDED_AVAILABILITY = YES_AGGRESSIVE;
				CLANG_WARN_UNREACHABLE_CODE = YES;
				CLANG_WARN__DUPLICATE_METHOD_MATCH = YES;
				COPY_PHASE_STRIP = NO;
				DEBUG_INFORMATION_FORMAT = "dwarf-with-dsym";
				ENABLE_NS_ASSERTIONS = NO;
				ENABLE_STRICT_OBJC_MSGSEND = YES;
				ENABLE_USER_SCRIPT_SANDBOXING = YES;
				GCC_C_LANGUAGE_STANDARD = gnu17;
				GCC_NO_COMMON_BLOCKS = YES;
				GCC_WARN_64_TO_32_BIT_CONVERSION = YES;
				GCC_WARN_ABOUT_RETURN_TYPE = YES_ERROR;
				GCC_WARN_UNDECLARED_SELECTOR = YES;
				GCC_WARN_UNINITIALIZED_AUTOS = YES_AGGRESSIVE;
				GCC_WARN_UNUSED_FUNCTION = YES;
				GCC_WARN_UNUSED_VARIABLE = YES;
				IPHONEOS_DEPLOYMENT_TARGET = 17.2;
				LOCALIZATION_PREFERS_STRING_CATALOGS = YES;
				MTL_ENABLE_DEBUG_INFO = NO;
				MTL_FAST_MATH = YES;
				SDKROOT = iphoneos;
				SWIFT_COMPILATION_MODE = wholemodule;
				VALIDATE_PRODUCT = YES;
			};
			name = Release;
		};
		FF4175B52BA56C4C00717113 /* Debug */ = {
			isa = XCBuildConfiguration;
			buildSettings = {
				ASSETCATALOG_COMPILER_APPICON_NAME = AppIcon;
				ASSETCATALOG_COMPILER_GLOBAL_ACCENT_COLOR_NAME = AccentColor;
				CODE_SIGN_STYLE = Automatic;
				CURRENT_PROJECT_VERSION = 1;
				DEVELOPMENT_TEAM = WP4KR5FT32;
				GENERATE_INFOPLIST_FILE = YES;
				INFOPLIST_FILE = FitnestX/Info.plist;
				INFOPLIST_KEY_UIApplicationSupportsIndirectInputEvents = YES;
				INFOPLIST_KEY_UILaunchStoryboardName = LaunchScreen.storyboard;
				INFOPLIST_KEY_UIMainStoryboardFile = OnBoarding;
				INFOPLIST_KEY_UISupportedInterfaceOrientations_iPad = "UIInterfaceOrientationPortrait UIInterfaceOrientationPortraitUpsideDown UIInterfaceOrientationLandscapeLeft UIInterfaceOrientationLandscapeRight";
				INFOPLIST_KEY_UISupportedInterfaceOrientations_iPhone = "UIInterfaceOrientationPortrait UIInterfaceOrientationLandscapeLeft UIInterfaceOrientationLandscapeRight";
				IPHONEOS_DEPLOYMENT_TARGET = 13.0;
				LD_RUNPATH_SEARCH_PATHS = (
					"$(inherited)",
					"@executable_path/Frameworks",
				);
				MARKETING_VERSION = 1.0;
				PRODUCT_BUNDLE_IDENTIFIER = com.bhavikjadav.FitnestX;
				PRODUCT_NAME = "$(TARGET_NAME)";
				SUPPORTED_PLATFORMS = "iphoneos iphonesimulator";
				SUPPORTS_MACCATALYST = NO;
				SUPPORTS_MAC_DESIGNED_FOR_IPHONE_IPAD = NO;
				SUPPORTS_XR_DESIGNED_FOR_IPHONE_IPAD = NO;
				SWIFT_EMIT_LOC_STRINGS = YES;
				SWIFT_VERSION = 5.0;
				TARGETED_DEVICE_FAMILY = "1,2";
			};
			name = Debug;
		};
		FF4175B62BA56C4C00717113 /* Release */ = {
			isa = XCBuildConfiguration;
			buildSettings = {
				ASSETCATALOG_COMPILER_APPICON_NAME = AppIcon;
				ASSETCATALOG_COMPILER_GLOBAL_ACCENT_COLOR_NAME = AccentColor;
				CODE_SIGN_STYLE = Automatic;
				CURRENT_PROJECT_VERSION = 1;
				DEVELOPMENT_TEAM = WP4KR5FT32;
				GENERATE_INFOPLIST_FILE = YES;
				INFOPLIST_FILE = FitnestX/Info.plist;
				INFOPLIST_KEY_UIApplicationSupportsIndirectInputEvents = YES;
				INFOPLIST_KEY_UILaunchStoryboardName = LaunchScreen.storyboard;
				INFOPLIST_KEY_UIMainStoryboardFile = OnBoarding;
				INFOPLIST_KEY_UISupportedInterfaceOrientations_iPad = "UIInterfaceOrientationPortrait UIInterfaceOrientationPortraitUpsideDown UIInterfaceOrientationLandscapeLeft UIInterfaceOrientationLandscapeRight";
				INFOPLIST_KEY_UISupportedInterfaceOrientations_iPhone = "UIInterfaceOrientationPortrait UIInterfaceOrientationLandscapeLeft UIInterfaceOrientationLandscapeRight";
				IPHONEOS_DEPLOYMENT_TARGET = 13.0;
				LD_RUNPATH_SEARCH_PATHS = (
					"$(inherited)",
					"@executable_path/Frameworks",
				);
				MARKETING_VERSION = 1.0;
				PRODUCT_BUNDLE_IDENTIFIER = com.bhavikjadav.FitnestX;
				PRODUCT_NAME = "$(TARGET_NAME)";
				SUPPORTED_PLATFORMS = "iphoneos iphonesimulator";
				SUPPORTS_MACCATALYST = NO;
				SUPPORTS_MAC_DESIGNED_FOR_IPHONE_IPAD = NO;
				SUPPORTS_XR_DESIGNED_FOR_IPHONE_IPAD = NO;
				SWIFT_EMIT_LOC_STRINGS = YES;
				SWIFT_VERSION = 5.0;
				TARGETED_DEVICE_FAMILY = "1,2";
			};
			name = Release;
		};
/* End XCBuildConfiguration section */

/* Begin XCConfigurationList section */
		FF41759B2BA56C4B00717113 /* Build configuration list for PBXProject "FitnestX" */ = {
			isa = XCConfigurationList;
			buildConfigurations = (
				FF4175B22BA56C4C00717113 /* Debug */,
				FF4175B32BA56C4C00717113 /* Release */,
			);
			defaultConfigurationIsVisible = 0;
			defaultConfigurationName = Release;
		};
		FF4175B42BA56C4C00717113 /* Build configuration list for PBXNativeTarget "FitnestX" */ = {
			isa = XCConfigurationList;
			buildConfigurations = (
				FF4175B52BA56C4C00717113 /* Debug */,
				FF4175B62BA56C4C00717113 /* Release */,
			);
			defaultConfigurationIsVisible = 0;
			defaultConfigurationName = Release;
		};
/* End XCConfigurationList section */
	};
	rootObject = FF4175982BA56C4B00717113 /* Project object */;
}
